{
  "version": 4,
  "terraform_version": "1.5.7",
  "serial": 13,
  "lineage": "1a650558-e511-8944-be87-b9e048bd2fbb",
  "outputs": {
    "artifact_registry_url": {
      "value": "asia-northeast3-docker.pkg.dev/biocom-bo-api/biocom-bo-api",
      "type": "string"
    },
    "cluster_ca_certificate": {
      "value": "LS0tLS1CRUdJTiBDRVJUSUZJQ0FURS0tLS0tCk1JSUVMRENDQXBTZ0F3SUJBZ0lRSmMyRFNPLytJQXlxUG5HOVJhd25hREFOQmdrcWhraUc5dzBCQVFzRkFEQXYKTVMwd0t3WURWUVFERXlSbU4yVmtZVGM0TlMweFpUQmxMVFJpTTJRdE9UWm1OaTFoWlRJMk5UUXlOVGt4TVRRdwpJQmNOTWpVeE1qQXhNRE13TVRVMFdoZ1BNakExTlRFeE1qUXdOREF4TlRSYU1DOHhMVEFyQmdOVkJBTVRKR1kzClpXUmhOemcxTFRGbE1HVXROR0l6WkMwNU5tWTJMV0ZsTWpZMU5ESTFPVEV4TkRDQ0FhSXdEUVlKS29aSWh2Y04KQVFFQkJRQURnZ0dQQURDQ0FZb0NnZ0dCQUtMYW5keU5taWdSendNZ0M2YXVjeVNhNzcwZ0I4YUpLWittYk5aTwpJTXFnK1FSRldJSExZbFQxVFdzMU4wWVV4d0gxNndzSjJKT2V4Nk9INGVISGpyRS9JTTV0TXJSSWFBUzkxdEFMCkRHRkhVTTRYS1E3ZmV6S0hsMUNZeTFibzQzYjdCd1hQT1RtRE9qeUdCMUIyUllDbFdqOUdBWDhLUDZJVkgxU2sKNTZRbGRobzVXQ3BPMWVMeWlibmZqWHBQQ1VnWU02S3hrZkRzMkJxSUVtc0g0NytnOWdrVjRsbEhRWXdva2VGTApxekhsNXV3SnlVYjFsS2RRUnB2TXdSTEZpM0drZjRtZzY1SGhuMDNIUW12UzNMTGQ5cml6dnhoeitSSVpRMFdNCmJ4NThUaDFsMFV0bkJQbHpscWhIMm9QaVloYkxVeVo5cnQydG9IcWxzWUhndDRxUlYrOWlwN2Z2MGtLVS9zNFYKWXAzQUREVlhEZlBianJoeHJwSHBVL2kvUnZEajFlcHcySzJYdDhZdWorY1Y4NHJrMXZtZnpJc051aWhFV2EwRQpEOGtieERZL2xSQUg1LzlXc2xCMXpGakZNVDhITDJ6VE9oUStqMTZ4TGdPYkpldTc4NzRsMzl1REdDV2l4N0NkCkRyRWIvUkZSbHhkMUxCa2JqRDlJRFl2OUhRSURBUUFCbzBJd1FEQU9CZ05WSFE4QkFmOEVCQU1DQWdRd0R3WUQKVlIwVEFRSC9CQVV3QXdFQi96QWRCZ05WSFE0RUZnUVVKMzM0dENXVUUxKzhiZXpzWW5zekswaTh3SEF3RFFZSgpLb1pJaHZjTkFRRUxCUUFEZ2dHQkFKLzdVSkd5OVd5VXl1dXFnaG9Lb3BZbVE2eTZnbmNLbHJKQVN6NzhaYXVaCmtXYmY1TjZ4N3dyVnBrQmlmSmdDaUpvcUZNQkQ3VngrdklKaStMM2tYZCtIeFFyL296QmRtUmVIRlJVUkI2QnQKNVpadEZ4SWJjSFVoNmVOUHorU2cxL05IVVd3RHM0TU0zemhaVUxSUEZwd2FNMEozQWhWcGJRUTZBZ1NXUnNoVAovSGRCMVlOSEg0emZMUWZNNW1GUUVFbDZBaHRFaTkvTjVBUTc2Q1VFYndNSDE4NElsc2krYjFLVGFDT21kNXdECjRJV0R1bFFTWEVlaTZzbnZGMHZoQVk2QWlaQ3B1RlYzWEVyWEQvbzYvWEhPU1dHb1lBK3EyTHhCeCtqbEpKV0wKcFFrelIzSUlDYzd0eUYrRWFOTStOSHVIMU05RnNiVGNDOVpUSmgxMlZyRzhFb0REcDBhYThOTVNva3k3ZlVUMApOVXRPVE56N2RYdHh1UHh0em1GVkppYzdVWDNoekhoQ01NUUJaNHRkUHNhTUFFRFVwZWo2RXJYT0hTOGgwSGwyCm01NVI1RXJnK2FEVWt6MURET3VobFNqMUFHaG5qdGgxVU1NbmM2WWYvb2s3SC92cGhYRkpKeFJjYzZoTnYxMEIKaHEreFFLbDh2YmVGWmYrM29IRlJjdz09Ci0tLS0tRU5EIENFUlRJRklDQVRFLS0tLS0K",
      "type": "string",
      "sensitive": true
    },
    "cluster_endpoint": {
      "value": "34.64.225.200",
      "type": "string",
      "sensitive": true
    },
    "cluster_name": {
      "value": "biocom-bo-cluster",
      "type": "string"
    },
    "dns_setup_instructions": {
      "value": "\n📋 DNS 설정 (가비아)\n========================\n1. 가비아 DNS 관리 페이지 접속\n2. biocom.ai.kr 도메인 선택\n3. 다음 레코드 추가:\n\n   타입: A\n   호스트: bo-api-dev\n   값: 34.8.159.162\n   TTL: 300\n\n4. SSL 인증서 발급까지 최대 24시간 소요\n\n",
      "type": "string"
    },
    "docker_push_command": {
      "value": "docker push asia-northeast3-docker.pkg.dev/biocom-bo-api/biocom-bo-api/biocom-bo-api:TAG",
      "type": "string"
    },
    "ingress_ip": {
      "value": "34.8.159.162",
      "type": "string"
    },
    "kubectl_config_command": {
      "value": "gcloud container clusters get-credentials biocom-bo-cluster --zone asia-northeast3-a --project biocom-bo-api",
      "type": "string"
    },
    "shared_db_host": {
      "value": "34.47.124.132",
      "type": "string"
    },
    "shared_gcs_bucket": {
      "value": "api-dev-biocom-uploads",
      "type": "string"
    },
    "subnet_name": {
      "value": "biocom-bo-cluster-subnet",
      "type": "string"
    },
    "vpc_name": {
      "value": "biocom-bo-cluster-vpc",
      "type": "string"
    }
  },
  "resources": [
    {
      "mode": "managed",
      "type": "google_artifact_registry_repository",
      "name": "main",
      "provider": "provider[\"registry.terraform.io/hashicorp/google\"]",
      "instances": [
        {
          "schema_version": 0,
          "attributes": {
            "cleanup_policies": [
              {
                "action": "DELETE",
                "condition": [
                  {
                    "newer_than": "",
                    "older_than": "2592000s",
                    "package_name_prefixes": [],
                    "tag_prefixes": [],
                    "tag_state": "UNTAGGED",
                    "version_name_prefixes": []
                  }
                ],
                "id": "delete-old-images",
                "most_recent_versions": []
              },
              {
                "action": "KEEP",
                "condition": [],
                "id": "keep-minimum-versions",
                "most_recent_versions": [
                  {
                    "keep_count": 10,
                    "package_name_prefixes": []
                  }
                ]
              }
            ],
            "cleanup_policy_dry_run": false,
            "create_time": "2025-12-01T04:00:48.964913Z",
            "description": "BIOCOM BO-API Docker 이미지 저장소",
            "docker_config": [],
            "effective_labels": {},
            "format": "DOCKER",
            "id": "projects/biocom-bo-api/locations/asia-northeast3/repositories/biocom-bo-api",
            "kms_key_name": "",
            "labels": null,
            "location": "asia-northeast3",
            "maven_config": [],
            "mode": "STANDARD_REPOSITORY",
            "name": "biocom-bo-api",
            "project": "biocom-bo-api",
            "remote_repository_config": [],
            "repository_id": "biocom-bo-api",
            "terraform_labels": {},
            "timeouts": null,
            "update_time": "2025-12-01T04:00:48.964913Z",
            "virtual_repository_config": []
          },
          "sensitive_attributes": [],
          "private": "eyJlMmJmYjczMC1lY2FhLTExZTYtOGY4OC0zNDM2M2JjN2M0YzAiOnsiY3JlYXRlIjoxMjAwMDAwMDAwMDAwLCJkZWxldGUiOjEyMDAwMDAwMDAwMDAsInVwZGF0ZSI6MTIwMDAwMDAwMDAwMH19"
        }
      ]
    },
    {
      "mode": "managed",
      "type": "google_compute_firewall",
      "name": "allow_http_https",
      "provider": "provider[\"registry.terraform.io/hashicorp/google\"]",
      "instances": [
        {
          "schema_version": 1,
          "attributes": {
            "allow": [
              {
                "ports": [
                  "80",
                  "443"
                ],
                "protocol": "tcp"
              }
            ],
            "creation_timestamp": "2025-11-30T20:00:59.618-08:00",
            "deny": [],
            "description": "HTTP/HTTPS 접근 허용 (웹 서비스용)",
            "destination_ranges": [],
            "direction": "INGRESS",
            "disabled": false,
            "enable_logging": null,
            "id": "projects/biocom-bo-api/global/firewalls/biocom-bo-cluster-allow-http-https",
            "log_config": [],
            "name": "biocom-bo-cluster-allow-http-https",
            "network": "https://www.googleapis.com/compute/v1/projects/biocom-bo-api/global/networks/biocom-bo-cluster-vpc",
            "priority": 1000,
            "project": "biocom-bo-api",
            "self_link": "https://www.googleapis.com/compute/v1/projects/biocom-bo-api/global/firewalls/biocom-bo-cluster-allow-http-https",
            "source_ranges": [
              "0.0.0.0/0"
            ],
            "source_service_accounts": null,
            "source_tags": null,
            "target_service_accounts": null,
            "target_tags": [
              "http-server",
              "https-server"
            ],
            "timeouts": null
          },
          "sensitive_attributes": [],
          "private": "eyJlMmJmYjczMC1lY2FhLTExZTYtOGY4OC0zNDM2M2JjN2M0YzAiOnsiY3JlYXRlIjoxMjAwMDAwMDAwMDAwLCJkZWxldGUiOjEyMDAwMDAwMDAwMDAsInVwZGF0ZSI6MTIwMDAwMDAwMDAwMH0sInNjaGVtYV92ZXJzaW9uIjoiMSJ9",
          "dependencies": [
            "google_compute_network.main"
          ]
        }
      ]
    },
    {
      "mode": "managed",
      "type": "google_compute_firewall",
      "name": "allow_internal",
      "provider": "provider[\"registry.terraform.io/hashicorp/google\"]",
      "instances": [
        {
          "schema_version": 1,
          "attributes": {
            "allow": [
              {
                "ports": [
                  "0-65535"
                ],
                "protocol": "tcp"
              },
              {
                "ports": [
                  "0-65535"
                ],
                "protocol": "udp"
              },
              {
                "ports": [],
                "protocol": "icmp"
              }
            ],
            "creation_timestamp": "2025-11-30T20:00:59.649-08:00",
            "deny": [],
            "description": "VPC 내부 통신 허용",
            "destination_ranges": [],
            "direction": "INGRESS",
            "disabled": false,
            "enable_logging": null,
            "id": "projects/biocom-bo-api/global/firewalls/biocom-bo-cluster-allow-internal",
            "log_config": [],
            "name": "biocom-bo-cluster-allow-internal",
            "network": "https://www.googleapis.com/compute/v1/projects/biocom-bo-api/global/networks/biocom-bo-cluster-vpc",
            "priority": 1000,
            "project": "biocom-bo-api",
            "self_link": "https://www.googleapis.com/compute/v1/projects/biocom-bo-api/global/firewalls/biocom-bo-cluster-allow-internal",
            "source_ranges": [
              "10.10.0.0/16"
            ],
            "source_service_accounts": null,
            "source_tags": null,
            "target_service_accounts": null,
            "target_tags": null,
            "timeouts": null
          },
          "sensitive_attributes": [],
          "private": "eyJlMmJmYjczMC1lY2FhLTExZTYtOGY4OC0zNDM2M2JjN2M0YzAiOnsiY3JlYXRlIjoxMjAwMDAwMDAwMDAwLCJkZWxldGUiOjEyMDAwMDAwMDAwMDAsInVwZGF0ZSI6MTIwMDAwMDAwMDAwMH0sInNjaGVtYV92ZXJzaW9uIjoiMSJ9",
          "dependencies": [
            "google_compute_network.main"
          ]
        }
      ]
    },
    {
      "mode": "managed",
      "type": "google_compute_firewall",
      "name": "allow_ssh",
      "provider": "provider[\"registry.terraform.io/hashicorp/google\"]",
      "instances": [
        {
          "schema_version": 1,
          "attributes": {
            "allow": [
              {
                "ports": [
                  "22"
                ],
                "protocol": "tcp"
              }
            ],
            "creation_timestamp": "2025-11-30T20:00:59.557-08:00",
            "deny": [],
            "description": "SSH 접근 허용 (관리용)",
            "destination_ranges": [],
            "direction": "INGRESS",
            "disabled": false,
            "enable_logging": null,
            "id": "projects/biocom-bo-api/global/firewalls/biocom-bo-cluster-allow-ssh",
            "log_config": [],
            "name": "biocom-bo-cluster-allow-ssh",
            "network": "https://www.googleapis.com/compute/v1/projects/biocom-bo-api/global/networks/biocom-bo-cluster-vpc",
            "priority": 1000,
            "project": "biocom-bo-api",
            "self_link": "https://www.googleapis.com/compute/v1/projects/biocom-bo-api/global/firewalls/biocom-bo-cluster-allow-ssh",
            "source_ranges": [
              "0.0.0.0/0"
            ],
            "source_service_accounts": null,
            "source_tags": null,
            "target_service_accounts": null,
            "target_tags": [
              "ssh-allowed"
            ],
            "timeouts": null
          },
          "sensitive_attributes": [],
          "private": "eyJlMmJmYjczMC1lY2FhLTExZTYtOGY4OC0zNDM2M2JjN2M0YzAiOnsiY3JlYXRlIjoxMjAwMDAwMDAwMDAwLCJkZWxldGUiOjEyMDAwMDAwMDAwMDAsInVwZGF0ZSI6MTIwMDAwMDAwMDAwMH0sInNjaGVtYV92ZXJzaW9uIjoiMSJ9",
          "dependencies": [
            "google_compute_network.main"
          ]
        }
      ]
    },
    {
      "mode": "managed",
      "type": "google_compute_global_address",
      "name": "ingress_ip",
      "provider": "provider[\"registry.terraform.io/hashicorp/google\"]",
      "instances": [
        {
          "schema_version": 0,
          "attributes": {
            "address": "34.8.159.162",
            "address_type": "EXTERNAL",
            "creation_timestamp": "2025-11-30T20:00:37.075-08:00",
            "description": "BIOCOM BO-API Ingress 외부 IP",
            "effective_labels": {},
            "id": "projects/biocom-bo-api/global/addresses/biocom-bo-cluster-external-ip",
            "ip_version": "",
            "label_fingerprint": "42WmSpB8rSM=",
            "labels": null,
            "name": "biocom-bo-cluster-external-ip",
            "network": "",
            "prefix_length": 0,
            "project": "biocom-bo-api",
            "purpose": "",
            "self_link": "https://www.googleapis.com/compute/v1/projects/biocom-bo-api/global/addresses/biocom-bo-cluster-external-ip",
            "terraform_labels": {},
            "timeouts": null
          },
          "sensitive_attributes": [],
          "private": "eyJlMmJmYjczMC1lY2FhLTExZTYtOGY4OC0zNDM2M2JjN2M0YzAiOnsiY3JlYXRlIjoxMjAwMDAwMDAwMDAwLCJkZWxldGUiOjEyMDAwMDAwMDAwMDAsInVwZGF0ZSI6MTIwMDAwMDAwMDAwMH19"
        }
      ]
    },
    {
      "mode": "managed",
      "type": "google_compute_network",
      "name": "main",
      "provider": "provider[\"registry.terraform.io/hashicorp/google\"]",
      "instances": [
        {
          "schema_version": 0,
          "attributes": {
            "auto_create_subnetworks": false,
            "delete_default_routes_on_create": false,
            "description": "BIOCOM BO-API 메인 VPC - dev 환경",
            "enable_ula_internal_ipv6": false,
            "gateway_ipv4": "",
            "id": "projects/biocom-bo-api/global/networks/biocom-bo-cluster-vpc",
            "internal_ipv6_range": "",
            "mtu": 0,
            "name": "biocom-bo-cluster-vpc",
            "network_firewall_policy_enforcement_order": "AFTER_CLASSIC_FIREWALL",
            "numeric_id": "6109388774578367499",
            "project": "biocom-bo-api",
            "routing_mode": "REGIONAL",
            "self_link": "https://www.googleapis.com/compute/v1/projects/biocom-bo-api/global/networks/biocom-bo-cluster-vpc",
            "timeouts": null
          },
          "sensitive_attributes": [],
          "private": "eyJlMmJmYjczMC1lY2FhLTExZTYtOGY4OC0zNDM2M2JjN2M0YzAiOnsiY3JlYXRlIjoxMjAwMDAwMDAwMDAwLCJkZWxldGUiOjEyMDAwMDAwMDAwMDAsInVwZGF0ZSI6MTIwMDAwMDAwMDAwMH19"
        }
      ]
    },
    {
      "mode": "managed",
      "type": "google_compute_router",
      "name": "main",
      "provider": "provider[\"registry.terraform.io/hashicorp/google\"]",
      "instances": [
        {
          "schema_version": 0,
          "attributes": {
            "bgp": [],
            "creation_timestamp": "2025-11-30T20:01:02.738-08:00",
            "description": "BIOCOM BO-API Cloud Router - NAT Gateway용",
            "encrypted_interconnect_router": false,
            "id": "projects/biocom-bo-api/regions/asia-northeast3/routers/biocom-bo-cluster-router",
            "name": "biocom-bo-cluster-router",
            "network": "https://www.googleapis.com/compute/v1/projects/biocom-bo-api/global/networks/biocom-bo-cluster-vpc",
            "project": "biocom-bo-api",
            "region": "asia-northeast3",
            "self_link": "https://www.googleapis.com/compute/v1/projects/biocom-bo-api/regions/asia-northeast3/routers/biocom-bo-cluster-router",
            "timeouts": null
          },
          "sensitive_attributes": [],
          "private": "eyJlMmJmYjczMC1lY2FhLTExZTYtOGY4OC0zNDM2M2JjN2M0YzAiOnsiY3JlYXRlIjoxMjAwMDAwMDAwMDAwLCJkZWxldGUiOjEyMDAwMDAwMDAwMDAsInVwZGF0ZSI6MTIwMDAwMDAwMDAwMH19",
          "dependencies": [
            "google_compute_network.main"
          ]
        }
      ]
    },
    {
      "mode": "managed",
      "type": "google_compute_router_nat",
      "name": "main",
      "provider": "provider[\"registry.terraform.io/hashicorp/google\"]",
      "instances": [
        {
          "schema_version": 0,
          "attributes": {
            "auto_network_tier": "PREMIUM",
            "drain_nat_ips": null,
            "enable_dynamic_port_allocation": false,
            "enable_endpoint_independent_mapping": false,
            "endpoint_types": [
              "ENDPOINT_TYPE_VM"
            ],
            "icmp_idle_timeout_sec": 30,
            "id": "biocom-bo-api/asia-northeast3/biocom-bo-cluster-router/biocom-bo-cluster-nat",
            "log_config": [
              {
                "enable": true,
                "filter": "ERRORS_ONLY"
              }
            ],
            "max_ports_per_vm": 0,
            "min_ports_per_vm": 0,
            "name": "biocom-bo-cluster-nat",
            "nat_ip_allocate_option": "AUTO_ONLY",
            "nat_ips": null,
            "project": "biocom-bo-api",
            "region": "asia-northeast3",
            "router": "biocom-bo-cluster-router",
            "rules": [],
            "source_subnetwork_ip_ranges_to_nat": "ALL_SUBNETWORKS_ALL_IP_RANGES",
            "subnetwork": [],
            "tcp_established_idle_timeout_sec": 1200,
            "tcp_time_wait_timeout_sec": 120,
            "tcp_transitory_idle_timeout_sec": 30,
            "timeouts": null,
            "udp_idle_timeout_sec": 30
          },
          "sensitive_attributes": [],
          "private": "eyJlMmJmYjczMC1lY2FhLTExZTYtOGY4OC0zNDM2M2JjN2M0YzAiOnsiY3JlYXRlIjoxMjAwMDAwMDAwMDAwLCJkZWxldGUiOjEyMDAwMDAwMDAwMDAsInVwZGF0ZSI6MTIwMDAwMDAwMDAwMH19",
          "dependencies": [
            "google_compute_network.main",
            "google_compute_router.main"
          ]
        }
      ]
    },
    {
      "mode": "managed",
      "type": "google_compute_ssl_policy",
      "name": "main",
      "provider": "provider[\"registry.terraform.io/hashicorp/google\"]",
      "instances": [
        {
          "schema_version": 0,
          "attributes": {
            "creation_timestamp": "2025-11-30T20:00:36.946-08:00",
            "custom_features": null,
            "description": "",
            "enabled_features": [
              "TLS_ECDHE_ECDSA_WITH_AES_128_CBC_SHA",
              "TLS_ECDHE_ECDSA_WITH_AES_128_GCM_SHA256",
              "TLS_ECDHE_ECDSA_WITH_AES_256_CBC_SHA",
              "TLS_ECDHE_ECDSA_WITH_AES_256_GCM_SHA384",
              "TLS_ECDHE_ECDSA_WITH_CHACHA20_POLY1305_SHA256",
              "TLS_ECDHE_RSA_WITH_AES_128_CBC_SHA",
              "TLS_ECDHE_RSA_WITH_AES_128_GCM_SHA256",
              "TLS_ECDHE_RSA_WITH_AES_256_CBC_SHA",
              "TLS_ECDHE_RSA_WITH_AES_256_GCM_SHA384",
              "TLS_ECDHE_RSA_WITH_CHACHA20_POLY1305_SHA256"
            ],
            "fingerprint": "C1a273SpEvg=",
            "id": "projects/biocom-bo-api/global/sslPolicies/biocom-bo-cluster-ssl-policy",
            "min_tls_version": "TLS_1_2",
            "name": "biocom-bo-cluster-ssl-policy",
            "profile": "MODERN",
            "project": "biocom-bo-api",
            "self_link": "https://www.googleapis.com/compute/v1/projects/biocom-bo-api/global/sslPolicies/biocom-bo-cluster-ssl-policy",
            "timeouts": null
          },
          "sensitive_attributes": [],
          "private": "eyJlMmJmYjczMC1lY2FhLTExZTYtOGY4OC0zNDM2M2JjN2M0YzAiOnsiY3JlYXRlIjoxMjAwMDAwMDAwMDAwLCJkZWxldGUiOjEyMDAwMDAwMDAwMDAsInVwZGF0ZSI6MTIwMDAwMDAwMDAwMH19"
        }
      ]
    },
    {
      "mode": "managed",
      "type": "google_compute_subnetwork",
      "name": "main",
      "provider": "provider[\"registry.terraform.io/hashicorp/google\"]",
      "instances": [
        {
          "schema_version": 0,
          "attributes": {
            "creation_timestamp": "2025-11-30T20:01:02.718-08:00",
            "description": "BIOCOM BO-API 메인 서브넷 - dev 환경",
            "external_ipv6_prefix": "",
            "fingerprint": null,
            "gateway_address": "10.10.1.1",
            "id": "projects/biocom-bo-api/regions/asia-northeast3/subnetworks/biocom-bo-cluster-subnet",
            "internal_ipv6_prefix": "",
            "ip_cidr_range": "10.10.1.0/24",
            "ipv6_access_type": "",
            "ipv6_cidr_range": "",
            "log_config": [],
            "name": "biocom-bo-cluster-subnet",
            "network": "https://www.googleapis.com/compute/v1/projects/biocom-bo-api/global/networks/biocom-bo-cluster-vpc",
            "private_ip_google_access": true,
            "private_ipv6_google_access": "DISABLE_GOOGLE_ACCESS",
            "project": "biocom-bo-api",
            "purpose": "PRIVATE",
            "region": "asia-northeast3",
            "role": "",
            "secondary_ip_range": [
              {
                "ip_cidr_range": "10.11.0.0/16",
                "range_name": "pods"
              },
              {
                "ip_cidr_range": "10.12.0.0/16",
                "range_name": "services"
              }
            ],
            "self_link": "https://www.googleapis.com/compute/v1/projects/biocom-bo-api/regions/asia-northeast3/subnetworks/biocom-bo-cluster-subnet",
            "send_secondary_ip_range_if_empty": null,
            "stack_type": "IPV4_ONLY",
            "timeouts": null
          },
          "sensitive_attributes": [],
          "private": "eyJlMmJmYjczMC1lY2FhLTExZTYtOGY4OC0zNDM2M2JjN2M0YzAiOnsiY3JlYXRlIjoxMjAwMDAwMDAwMDAwLCJkZWxldGUiOjEyMDAwMDAwMDAwMDAsInVwZGF0ZSI6MTIwMDAwMDAwMDAwMH19",
          "dependencies": [
            "google_compute_network.main"
          ]
        }
      ]
    },
    {
      "mode": "managed",
      "type": "google_container_cluster",
      "name": "main",
      "provider": "provider[\"registry.terraform.io/hashicorp/google\"]",
      "instances": [
        {
          "schema_version": 2,
          "attributes": {
            "addons_config": [
              {
                "cloudrun_config": [],
                "config_connector_config": [],
                "dns_cache_config": [],
                "gce_persistent_disk_csi_driver_config": [
                  {
                    "enabled": true
                  }
                ],
                "gcp_filestore_csi_driver_config": [],
                "gcs_fuse_csi_driver_config": [],
                "gke_backup_agent_config": [],
                "horizontal_pod_autoscaling": [],
                "http_load_balancing": [
                  {
                    "disabled": false
                  }
                ],
                "network_policy_config": [
                  {
                    "disabled": true
                  }
                ],
                "ray_operator_config": [],
                "stateful_ha_config": []
              }
            ],
            "allow_net_admin": null,
            "authenticator_groups_config": [],
            "binary_authorization": [
              {
                "enabled": false,
                "evaluation_mode": ""
              }
            ],
            "cluster_autoscaling": [
              {
                "auto_provisioning_defaults": [],
                "auto_provisioning_locations": [],
                "autoscaling_profile": "BALANCED",
                "enabled": false,
                "resource_limits": []
              }
            ],
            "cluster_ipv4_cidr": "10.184.0.0/14",
            "confidential_nodes": [],
            "cost_management_config": [],
            "database_encryption": [
              {
                "key_name": "",
                "state": "DECRYPTED"
              }
            ],
            "datapath_provider": "",
            "default_max_pods_per_node": 110,
            "default_snat_status": [
              {
                "disabled": false
              }
            ],
            "deletion_protection": false,
            "description": "",
            "dns_config": [],
            "enable_autopilot": false,
            "enable_cilium_clusterwide_network_policy": false,
            "enable_intranode_visibility": false,
            "enable_k8s_beta_apis": [],
            "enable_kubernetes_alpha": false,
            "enable_l4_ilb_subsetting": false,
            "enable_legacy_abac": false,
            "enable_multi_networking": false,
            "enable_shielded_nodes": true,
            "enable_tpu": false,
            "endpoint": "34.64.225.200",
            "fleet": [],
            "gateway_api_config": [],
            "id": "projects/biocom-bo-api/locations/asia-northeast3-a/clusters/biocom-bo-cluster",
            "identity_service_config": [],
            "initial_node_count": 1,
            "ip_allocation_policy": [
              {
                "additional_pod_ranges_config": [],
                "cluster_ipv4_cidr_block": "10.184.0.0/14",
                "cluster_secondary_range_name": "gke-biocom-bo-cluster-pods-5646b0a0",
                "pod_cidr_overprovision_config": [
                  {
                    "disabled": false
                  }
                ],
                "services_ipv4_cidr_block": "34.118.224.0/20",
                "services_secondary_range_name": "",
                "stack_type": "IPV4"
              }
            ],
            "label_fingerprint": "a9dc16a7",
            "location": "asia-northeast3-a",
            "logging_config": [
              {
                "enable_components": [
                  "SYSTEM_COMPONENTS",
                  "WORKLOADS"
                ]
              }
            ],
            "logging_service": "logging.googleapis.com/kubernetes",
            "maintenance_policy": [],
            "master_auth": [
              {
                "client_certificate": "",
                "client_certificate_config": [
                  {
                    "issue_client_certificate": false
                  }
                ],
                "client_key": "",
                "cluster_ca_certificate": "LS0tLS1CRUdJTiBDRVJUSUZJQ0FURS0tLS0tCk1JSUVMRENDQXBTZ0F3SUJBZ0lRSmMyRFNPLytJQXlxUG5HOVJhd25hREFOQmdrcWhraUc5dzBCQVFzRkFEQXYKTVMwd0t3WURWUVFERXlSbU4yVmtZVGM0TlMweFpUQmxMVFJpTTJRdE9UWm1OaTFoWlRJMk5UUXlOVGt4TVRRdwpJQmNOTWpVeE1qQXhNRE13TVRVMFdoZ1BNakExTlRFeE1qUXdOREF4TlRSYU1DOHhMVEFyQmdOVkJBTVRKR1kzClpXUmhOemcxTFRGbE1HVXROR0l6WkMwNU5tWTJMV0ZsTWpZMU5ESTFPVEV4TkRDQ0FhSXdEUVlKS29aSWh2Y04KQVFFQkJRQURnZ0dQQURDQ0FZb0NnZ0dCQUtMYW5keU5taWdSendNZ0M2YXVjeVNhNzcwZ0I4YUpLWittYk5aTwpJTXFnK1FSRldJSExZbFQxVFdzMU4wWVV4d0gxNndzSjJKT2V4Nk9INGVISGpyRS9JTTV0TXJSSWFBUzkxdEFMCkRHRkhVTTRYS1E3ZmV6S0hsMUNZeTFibzQzYjdCd1hQT1RtRE9qeUdCMUIyUllDbFdqOUdBWDhLUDZJVkgxU2sKNTZRbGRobzVXQ3BPMWVMeWlibmZqWHBQQ1VnWU02S3hrZkRzMkJxSUVtc0g0NytnOWdrVjRsbEhRWXdva2VGTApxekhsNXV3SnlVYjFsS2RRUnB2TXdSTEZpM0drZjRtZzY1SGhuMDNIUW12UzNMTGQ5cml6dnhoeitSSVpRMFdNCmJ4NThUaDFsMFV0bkJQbHpscWhIMm9QaVloYkxVeVo5cnQydG9IcWxzWUhndDRxUlYrOWlwN2Z2MGtLVS9zNFYKWXAzQUREVlhEZlBianJoeHJwSHBVL2kvUnZEajFlcHcySzJYdDhZdWorY1Y4NHJrMXZtZnpJc051aWhFV2EwRQpEOGtieERZL2xSQUg1LzlXc2xCMXpGakZNVDhITDJ6VE9oUStqMTZ4TGdPYkpldTc4NzRsMzl1REdDV2l4N0NkCkRyRWIvUkZSbHhkMUxCa2JqRDlJRFl2OUhRSURBUUFCbzBJd1FEQU9CZ05WSFE4QkFmOEVCQU1DQWdRd0R3WUQKVlIwVEFRSC9CQVV3QXdFQi96QWRCZ05WSFE0RUZnUVVKMzM0dENXVUUxKzhiZXpzWW5zekswaTh3SEF3RFFZSgpLb1pJaHZjTkFRRUxCUUFEZ2dHQkFKLzdVSkd5OVd5VXl1dXFnaG9Lb3BZbVE2eTZnbmNLbHJKQVN6NzhaYXVaCmtXYmY1TjZ4N3dyVnBrQmlmSmdDaUpvcUZNQkQ3VngrdklKaStMM2tYZCtIeFFyL296QmRtUmVIRlJVUkI2QnQKNVpadEZ4SWJjSFVoNmVOUHorU2cxL05IVVd3RHM0TU0zemhaVUxSUEZwd2FNMEozQWhWcGJRUTZBZ1NXUnNoVAovSGRCMVlOSEg0emZMUWZNNW1GUUVFbDZBaHRFaTkvTjVBUTc2Q1VFYndNSDE4NElsc2krYjFLVGFDT21kNXdECjRJV0R1bFFTWEVlaTZzbnZGMHZoQVk2QWlaQ3B1RlYzWEVyWEQvbzYvWEhPU1dHb1lBK3EyTHhCeCtqbEpKV0wKcFFrelIzSUlDYzd0eUYrRWFOTStOSHVIMU05RnNiVGNDOVpUSmgxMlZyRzhFb0REcDBhYThOTVNva3k3ZlVUMApOVXRPVE56N2RYdHh1UHh0em1GVkppYzdVWDNoekhoQ01NUUJaNHRkUHNhTUFFRFVwZWo2RXJYT0hTOGgwSGwyCm01NVI1RXJnK2FEVWt6MURET3VobFNqMUFHaG5qdGgxVU1NbmM2WWYvb2s3SC92cGhYRkpKeFJjYzZoTnYxMEIKaHEreFFLbDh2YmVGWmYrM29IRlJjdz09Ci0tLS0tRU5EIENFUlRJRklDQVRFLS0tLS0K"
              }
            ],
            "master_authorized_networks_config": [],
            "master_version": "1.33.5-gke.1201000",
            "mesh_certificates": [],
            "min_master_version": null,
            "monitoring_config": [
              {
                "advanced_datapath_observability_config": [
                  {
                    "enable_metrics": false,
                    "enable_relay": false,
                    "relay_mode": "DISABLED"
                  }
                ],
                "enable_components": [
                  "SYSTEM_COMPONENTS",
                  "STORAGE",
                  "HPA",
                  "POD",
                  "DAEMONSET",
                  "DEPLOYMENT",
                  "STATEFULSET",
                  "JOBSET",
                  "KUBELET",
                  "CADVISOR",
                  "DCGM"
                ],
                "managed_prometheus": [
                  {
                    "enabled": true
                  }
                ]
              }
            ],
            "monitoring_service": "monitoring.googleapis.com/kubernetes",
            "name": "biocom-bo-cluster",
            "network": "projects/biocom-bo-api/global/networks/biocom-bo-cluster-vpc",
            "network_policy": [
              {
                "enabled": false,
                "provider": "PROVIDER_UNSPECIFIED"
              }
            ],
            "networking_mode": "VPC_NATIVE",
            "node_config": [
              {
                "advanced_machine_features": [],
                "boot_disk_kms_key": "",
                "confidential_nodes": [],
                "containerd_config": [],
                "disk_size_gb": 20,
                "disk_type": "pd-standard",
                "effective_taints": [],
                "enable_confidential_storage": false,
                "ephemeral_storage_local_ssd_config": [],
                "fast_socket": [],
                "gcfs_config": [],
                "guest_accelerator": [],
                "gvnic": [],
                "host_maintenance_policy": [],
                "image_type": "COS_CONTAINERD",
                "kubelet_config": [
                  {
                    "cpu_cfs_quota": false,
                    "cpu_cfs_quota_period": "",
                    "cpu_manager_policy": "",
                    "insecure_kubelet_readonly_port_enabled": "FALSE",
                    "pod_pids_limit": 0
                  }
                ],
                "labels": {
                  "environment": "dev",
                  "role": "bo-apps"
                },
                "linux_node_config": [],
                "local_nvme_ssd_block_config": [],
                "local_ssd_count": 0,
                "logging_variant": "DEFAULT",
                "machine_type": "e2-small",
                "metadata": {
                  "disable-legacy-endpoints": "true"
                },
                "min_cpu_platform": "",
                "node_group": "",
                "oauth_scopes": [
                  "https://www.googleapis.com/auth/cloud-platform"
                ],
                "preemptible": true,
                "reservation_affinity": [],
                "resource_labels": {
                  "goog-gke-node-pool-provisioning-model": "spot"
                },
                "resource_manager_tags": null,
                "secondary_boot_disks": [],
                "service_account": "default",
                "shielded_instance_config": [
                  {
                    "enable_integrity_monitoring": true,
                    "enable_secure_boot": false
                  }
                ],
                "sole_tenant_config": [],
                "spot": false,
                "tags": [
                  "gke-node",
                  "biocom-bo-cluster-node",
                  "http-server",
                  "https-server"
                ],
                "taint": [],
                "workload_metadata_config": []
              }
            ],
            "node_locations": [],
            "node_pool": [
              {
                "autoscaling": [],
                "initial_node_count": 1,
                "instance_group_urls": [
                  "https://www.googleapis.com/compute/v1/projects/biocom-bo-api/zones/asia-northeast3-a/instanceGroupManagers/gke-biocom-bo-cluster-default-pool-936517c9-grp"
                ],
                "managed_instance_group_urls": [
                  "https://www.googleapis.com/compute/v1/projects/biocom-bo-api/zones/asia-northeast3-a/instanceGroups/gke-biocom-bo-cluster-default-pool-936517c9-grp"
                ],
                "management": [
                  {
                    "auto_repair": true,
                    "auto_upgrade": true
                  }
                ],
                "max_pods_per_node": 110,
                "name": "default-pool",
                "name_prefix": "",
                "network_config": [
                  {
                    "additional_node_network_configs": [],
                    "additional_pod_network_configs": [],
                    "create_pod_range": false,
                    "enable_private_nodes": false,
                    "network_performance_config": [],
                    "pod_cidr_overprovision_config": [],
                    "pod_ipv4_cidr_block": "10.184.0.0/14",
                    "pod_range": "gke-biocom-bo-cluster-pods-5646b0a0"
                  }
                ],
                "node_config": [
                  {
                    "advanced_machine_features": [],
                    "boot_disk_kms_key": "",
                    "confidential_nodes": [],
                    "containerd_config": [],
                    "disk_size_gb": 20,
                    "disk_type": "pd-standard",
                    "effective_taints": [],
                    "enable_confidential_storage": false,
                    "ephemeral_storage_local_ssd_config": [],
                    "fast_socket": [],
                    "gcfs_config": [],
                    "guest_accelerator": [],
                    "gvnic": [],
                    "host_maintenance_policy": [],
                    "image_type": "COS_CONTAINERD",
                    "kubelet_config": [
                      {
                        "cpu_cfs_quota": false,
                        "cpu_cfs_quota_period": "",
                        "cpu_manager_policy": "",
                        "insecure_kubelet_readonly_port_enabled": "FALSE",
                        "pod_pids_limit": 0
                      }
                    ],
                    "labels": {
                      "environment": "dev",
                      "role": "bo-apps"
                    },
                    "linux_node_config": [],
                    "local_nvme_ssd_block_config": [],
                    "local_ssd_count": 0,
                    "logging_variant": "DEFAULT",
                    "machine_type": "e2-small",
                    "metadata": {
                      "disable-legacy-endpoints": "true"
                    },
                    "min_cpu_platform": "",
                    "node_group": "",
                    "oauth_scopes": [
                      "https://www.googleapis.com/auth/cloud-platform"
                    ],
                    "preemptible": true,
                    "reservation_affinity": [],
                    "resource_labels": {
                      "goog-gke-node-pool-provisioning-model": "spot"
                    },
                    "resource_manager_tags": {},
                    "secondary_boot_disks": [],
                    "service_account": "default",
                    "shielded_instance_config": [
                      {
                        "enable_integrity_monitoring": true,
                        "enable_secure_boot": false
                      }
                    ],
                    "sole_tenant_config": [],
                    "spot": false,
                    "tags": [
                      "gke-node",
                      "biocom-bo-cluster-node",
                      "http-server",
                      "https-server"
                    ],
                    "taint": [],
                    "workload_metadata_config": []
                  }
                ],
                "node_count": 1,
                "node_locations": [
                  "asia-northeast3-a"
                ],
                "placement_policy": [],
                "queued_provisioning": [],
                "upgrade_settings": [
                  {
                    "blue_green_settings": [],
                    "max_surge": 1,
                    "max_unavailable": 0,
                    "strategy": "SURGE"
                  }
                ],
                "version": "1.33.5-gke.1201000"
              }
            ],
            "node_pool_auto_config": [
              {
                "network_tags": [],
                "node_kubelet_config": [
                  {
                    "insecure_kubelet_readonly_port_enabled": "FALSE"
                  }
                ],
                "resource_manager_tags": {}
              }
            ],
            "node_pool_defaults": [
              {
                "node_config_defaults": [
                  {
                    "containerd_config": [],
                    "insecure_kubelet_readonly_port_enabled": "FALSE",
                    "logging_variant": "DEFAULT"
                  }
                ]
              }
            ],
            "node_version": "1.33.5-gke.1201000",
            "notification_config": [
              {
                "pubsub": [
                  {
                    "enabled": false,
                    "filter": [],
                    "topic": ""
                  }
                ]
              }
            ],
            "operation": null,
            "private_cluster_config": [
              {
                "enable_private_endpoint": false,
                "enable_private_nodes": false,
                "master_global_access_config": [
                  {
                    "enabled": false
                  }
                ],
                "master_ipv4_cidr_block": "",
                "peering_name": "",
                "private_endpoint": "10.10.1.2",
                "private_endpoint_subnetwork": "",
                "public_endpoint": "34.64.225.200"
              }
            ],
            "private_ipv6_google_access": "",
            "project": "biocom-bo-api",
            "release_channel": [
              {
                "channel": "REGULAR"
              }
            ],
            "remove_default_node_pool": null,
            "resource_labels": null,
            "resource_usage_export_config": [],
            "security_posture_config": [
              {
                "mode": "BASIC",
                "vulnerability_mode": "VULNERABILITY_MODE_UNSPECIFIED"
              }
            ],
            "self_link": "https://container.googleapis.com/v1/projects/biocom-bo-api/zones/asia-northeast3-a/clusters/biocom-bo-cluster",
            "service_external_ips_config": [
              {
                "enabled": false
              }
            ],
            "services_ipv4_cidr": "34.118.224.0/20",
            "subnetwork": "projects/biocom-bo-api/regions/asia-northeast3/subnetworks/biocom-bo-cluster-subnet",
            "timeouts": null,
            "tpu_ipv4_cidr_block": "",
            "vertical_pod_autoscaling": [],
            "workload_identity_config": []
          },
          "sensitive_attributes": [],
          "private": "eyJlMmJmYjczMC1lY2FhLTExZTYtOGY4OC0zNDM2M2JjN2M0YzAiOnsiY3JlYXRlIjoyNDAwMDAwMDAwMDAwLCJkZWxldGUiOjI0MDAwMDAwMDAwMDAsInJlYWQiOjI0MDAwMDAwMDAwMDAsInVwZGF0ZSI6MzYwMDAwMDAwMDAwMH0sInNjaGVtYV92ZXJzaW9uIjoiMiJ9",
          "dependencies": [
            "google_compute_network.main",
            "google_compute_subnetwork.main"
          ]
        }
      ]
    },
    {
      "mode": "managed",
      "type": "google_storage_bucket",
      "name": "terraform_state",
      "provider": "provider[\"registry.terraform.io/hashicorp/google\"]",
      "instances": [
        {
          "schema_version": 2,
          "attributes": {
            "autoclass": [],
            "cors": [],
            "custom_placement_config": [],
            "default_event_based_hold": false,
            "effective_labels": {},
            "enable_object_retention": false,
            "encryption": [],
            "force_destroy": false,
            "id": "biocom-bo-api-terraform-state-bucket",
            "labels": null,
            "lifecycle_rule": [
              {
                "action": [
                  {
                    "storage_class": "",
                    "type": "Delete"
                  }
                ],
                "condition": [
                  {
                    "age": 30,
                    "created_before": "",
                    "custom_time_before": "",
                    "days_since_custom_time": 0,
                    "days_since_noncurrent_time": 0,
                    "matches_prefix": [],
                    "matches_storage_class": [],
                    "matches_suffix": [],
                    "no_age": false,
                    "noncurrent_time_before": "",
                    "num_newer_versions": 0,
                    "send_age_if_zero": true,
                    "send_days_since_custom_time_if_zero": false,
                    "send_days_since_noncurrent_time_if_zero": false,
                    "send_num_newer_versions_if_zero": false,
                    "with_state": "ANY"
                  }
                ]
              }
            ],
            "location": "ASIA-NORTHEAST3",
            "logging": [],
            "name": "biocom-bo-api-terraform-state-bucket",
            "project": "biocom-bo-api",
            "project_number": 805498683914,
            "public_access_prevention": "enforced",
            "requester_pays": false,
            "retention_policy": [],
            "rpo": null,
            "self_link": "https://www.googleapis.com/storage/v1/b/biocom-bo-api-terraform-state-bucket",
            "soft_delete_policy": [
              {
                "effective_time": "2025-12-01T04:00:37.650Z",
                "retention_duration_seconds": 604800
              }
            ],
            "storage_class": "STANDARD",
            "terraform_labels": {},
            "timeouts": null,
            "uniform_bucket_level_access": true,
            "url": "gs://biocom-bo-api-terraform-state-bucket",
            "versioning": [
              {
                "enabled": true
              }
            ],
            "website": []
          },
          "sensitive_attributes": [],
          "private": "eyJlMmJmYjczMC1lY2FhLTExZTYtOGY4OC0zNDM2M2JjN2M0YzAiOnsiY3JlYXRlIjo2MDAwMDAwMDAwMDAsInJlYWQiOjI0MDAwMDAwMDAwMCwidXBkYXRlIjoyNDAwMDAwMDAwMDB9LCJzY2hlbWFfdmVyc2lvbiI6IjIifQ=="
        }
      ]
    }
  ],
  "check_results": null
}
