{
  "version": 4,
  "terraform_version": "1.5.7",
  "serial": 17,
  "lineage": "3eb3ab89-b507-bb8b-fd1e-760fef6750c8",
  "outputs": {
    "artifact_registry_url": {
      "value": "asia-northeast3-docker.pkg.dev/api-prod-biocom/biocom-bo-api",
      "type": "string"
    },
    "cluster_ca_certificate": {
      "value": "LS0tLS1CRUdJTiBDRVJUSUZJQ0FURS0tLS0tCk1JSUVMVENDQXBXZ0F3SUJBZ0lSQUl5YmgxVnlFM0dzbUR2QzI1TXVrelF3RFFZSktvWklodmNOQVFFTEJRQXcKTHpFdE1Dc0dBMVVFQXhNa056TXpNR1U1TVRjdE1HRXdNaTAwWmpJMExUaGpObVl0TTJSa01HUmlOalprTjJFNQpNQ0FYRFRJMU1USXlNekE0TURjMU5Wb1lEekl3TlRVeE1qRTJNRGt3TnpVMVdqQXZNUzB3S3dZRFZRUURFeVEzCk16TXdaVGt4Tnkwd1lUQXlMVFJtTWpRdE9HTTJaaTB6WkdRd1pHSTJObVEzWVRrd2dnR2lNQTBHQ1NxR1NJYjMKRFFFQkFRVUFBNElCandBd2dnR0tBb0lCZ1FDWWhHaHZRUTBicnpKcnNQZkt0R0M5bmhnM3pxb1ppdkFZRlRoWApjTXZhcyt6eFFuTHROaEkvdDJWVHJURE9QcTUzYzZsaWRoSENzQUdrbTl3K1Fxc0docVdtbzJBMnNieEZoQzdqCm1SWW9rUTZkZ2JDNXc1cUpLd2l1VjZaRC9UZjZqOVM0NXNXVlltc3NhWG1ocGNRK0I1MjNROEYzODlzR1k3QnEKWC9VZi9OMGRoekVPS0dUTmR1Q29vRUFvTUkyWUZZVXBaT1BYaTZtUjBrVkU1MjB3RVhVcDc3ODJnL2s2SFhsaQpXREs4ZlBzUlE5cmlSWGowK3hEcDBhNEdMZ3hxLy9vSEhQd2FLOUxRMlRIM2hkMlNRU1dReCthK0c5aThDL3QxCno5dHFDR2ErdHczSnVSNk9RYzNObmkrV2xXclRlNUpZaVpZVnUreGw5K2gzcU95WUJCazJwUXhjN3R1azZBZmQKY0pZbUhOYjBQVmRRZ1JsWmtsbXFPY1Q5bTdzcFlYUjROaUpvRVZRTTYweGxnZU1HY0ErUHZpK1JHaE9OR0J2VApiUENQaHJIVkVTNlhYbXFCUWNYd0w2dFA4ZnVuOGhuQmZHOHJLTU93d2tINm9NVVo3Q2loM1V0KzU1QjU1MTlECmlOcFFwMGVacEQzVzVCR2txSVVWVzJ4M3dlY0NBd0VBQWFOQ01FQXdEZ1lEVlIwUEFRSC9CQVFEQWdJRU1BOEcKQTFVZEV3RUIvd1FGTUFNQkFmOHdIUVlEVlIwT0JCWUVGQXlFSEJYUXErdHVPSzBZM3liRHhqRXhDcVV6TUEwRwpDU3FHU0liM0RRRUJDd1VBQTRJQmdRQkdIQ25XVUp1RndZYTZsMi9pVHVrNG9oZ2txRy9nRU1XUDZqMENVcFZOCmVYa0x2ZHVzUGdGS1pyZzJRVmFOM1ZLZlE3bFVkaGk5NnhHTDBtZThRSmhTSThuMzh5ZlJnZ0tMdkM2Y3BjQ0MKY055OTcyRE05V255eGNwQmVUTXZUVTVHeGlyMEd6QisxU0ZtQ0RnQTd3c1Y4SXZRcjRkK1lxSlhVNHU3YStvVQpGQUtSOEZrNk53RGZRcEVqaEZRYm1ROVZpZ2hzc28wbEcvdEhNdW10aHhvVTFHVXBpbmcvK2U3WCtJN0NtbWJVCkl6N2UwTE45WXlHaWhCenRSMFVLcGtHem50ZUZpUTl5WHE1MW5tUXJBQ2hIN2JqVEE1ZVR4WDFSaWUrMlp5YmMKVDMvQmRDY2p6dW5oT0Q0UnRrTUpqU05vYk1kZzRZTGxpcTBYUW9KL0tTMDlOT3lEOElFb2dleFVPd2pRMDdaeApUdW5JN0FZdnk0Y0NUa2IxZjR0NzNqZXhyMlJLNjlRcFFoR20xeGtsaCt3VGpNUU5oZUZ2WDhiL3cxa1Jib1ZqClZpMUxCTFBlOS9iQkxIOFpRaFY4ZUxmZjZOTmpnNWR6ZUJzaEJiWkh1ek9EaUwxb2h3NGJTWEdrbkNpR1FEVUwKMS8rY0k2N1V1NVJKU0NMU05pRUUzbk09Ci0tLS0tRU5EIENFUlRJRklDQVRFLS0tLS0K",
      "type": "string",
      "sensitive": true
    },
    "cluster_endpoint": {
      "value": "34.47.98.115",
      "type": "string",
      "sensitive": true
    },
    "cluster_name": {
      "value": "biocom-bo-cluster-prod",
      "type": "string"
    },
    "dns_setup_instructions": {
      "value": "\n📋 DNS 설정 (가비아)\n========================\n1. 가비아 DNS 관리 페이지 접속\n2. biocom.ai.kr 도메인 선택\n3. 다음 레코드 추가:\n\n   타입: A\n   호스트: bo-api-dev\n   값: 34.49.124.240\n   TTL: 300\n\n4. SSL 인증서 발급까지 최대 24시간 소요\n\n",
      "type": "string"
    },
    "docker_push_command": {
      "value": "docker push asia-northeast3-docker.pkg.dev/api-prod-biocom/biocom-bo-api/biocom-bo-api:TAG",
      "type": "string"
    },
    "ingress_ip": {
      "value": "34.49.124.240",
      "type": "string"
    },
    "kubectl_config_command": {
      "value": "gcloud container clusters get-credentials biocom-bo-cluster-prod --zone asia-northeast3-a --project api-prod-biocom",
      "type": "string"
    },
    "shared_db_host": {
      "value": "10.10.0.3",
      "type": "string"
    },
    "shared_gcs_bucket": {
      "value": "api-prod-biocom-uploads",
      "type": "string"
    },
    "subnet_name": {
      "value": "biocom-bo-cluster-prod-subnet",
      "type": "string"
    },
    "vpc_name": {
      "value": "biocom-bo-cluster-prod-vpc",
      "type": "string"
    }
  },
  "resources": [
    {
      "mode": "managed",
      "type": "google_artifact_registry_repository",
      "name": "main",
      "provider": "provider[\"registry.terraform.io/hashicorp/google\"]",
      "instances": [
        {
          "schema_version": 0,
          "attributes": {
            "cleanup_policies": [
              {
                "action": "DELETE",
                "condition": [
                  {
                    "newer_than": "",
                    "older_than": "2592000s",
                    "package_name_prefixes": [],
                    "tag_prefixes": [],
                    "tag_state": "UNTAGGED",
                    "version_name_prefixes": []
                  }
                ],
                "id": "delete-old-images",
                "most_recent_versions": []
              },
              {
                "action": "KEEP",
                "condition": [],
                "id": "keep-minimum-versions",
                "most_recent_versions": [
                  {
                    "keep_count": 10,
                    "package_name_prefixes": []
                  }
                ]
              }
            ],
            "cleanup_policy_dry_run": false,
            "create_time": "2025-12-23T09:05:53.557213Z",
            "description": "BIOCOM BO-API Docker 이미지 저장소",
            "docker_config": [],
            "effective_labels": {},
            "format": "DOCKER",
            "id": "projects/api-prod-biocom/locations/asia-northeast3/repositories/biocom-bo-api",
            "kms_key_name": "",
            "labels": {},
            "location": "asia-northeast3",
            "maven_config": [],
            "mode": "STANDARD_REPOSITORY",
            "name": "biocom-bo-api",
            "project": "api-prod-biocom",
            "remote_repository_config": [],
            "repository_id": "biocom-bo-api",
            "terraform_labels": {},
            "timeouts": null,
            "update_time": "2025-12-23T09:05:53.557213Z",
            "virtual_repository_config": []
          },
          "sensitive_attributes": [],
          "private": "eyJlMmJmYjczMC1lY2FhLTExZTYtOGY4OC0zNDM2M2JjN2M0YzAiOnsiY3JlYXRlIjoxMjAwMDAwMDAwMDAwLCJkZWxldGUiOjEyMDAwMDAwMDAwMDAsInVwZGF0ZSI6MTIwMDAwMDAwMDAwMH0sInNjaGVtYV92ZXJzaW9uIjoiMCJ9"
        }
      ]
    },
    {
      "mode": "managed",
      "type": "google_compute_firewall",
      "name": "allow_http_https",
      "provider": "provider[\"registry.terraform.io/hashicorp/google\"]",
      "instances": [
        {
          "schema_version": 1,
          "attributes": {
            "allow": [
              {
                "ports": [
                  "80",
                  "443"
                ],
                "protocol": "tcp"
              }
            ],
            "creation_timestamp": "2025-12-23T01:07:21.739-08:00",
            "deny": [],
            "description": "HTTP/HTTPS 접근 허용 (웹 서비스용)",
            "destination_ranges": [],
            "direction": "INGRESS",
            "disabled": false,
            "enable_logging": null,
            "id": "projects/api-prod-biocom/global/firewalls/biocom-bo-cluster-prod-allow-http-https",
            "log_config": [],
            "name": "biocom-bo-cluster-prod-allow-http-https",
            "network": "https://www.googleapis.com/compute/v1/projects/api-prod-biocom/global/networks/biocom-bo-cluster-prod-vpc",
            "priority": 1000,
            "project": "api-prod-biocom",
            "self_link": "https://www.googleapis.com/compute/v1/projects/api-prod-biocom/global/firewalls/biocom-bo-cluster-prod-allow-http-https",
            "source_ranges": [
              "0.0.0.0/0"
            ],
            "source_service_accounts": [],
            "source_tags": [],
            "target_service_accounts": [],
            "target_tags": [
              "http-server",
              "https-server"
            ],
            "timeouts": null
          },
          "sensitive_attributes": [],
          "private": "eyJlMmJmYjczMC1lY2FhLTExZTYtOGY4OC0zNDM2M2JjN2M0YzAiOnsiY3JlYXRlIjoxMjAwMDAwMDAwMDAwLCJkZWxldGUiOjEyMDAwMDAwMDAwMDAsInVwZGF0ZSI6MTIwMDAwMDAwMDAwMH0sInNjaGVtYV92ZXJzaW9uIjoiMSJ9",
          "dependencies": [
            "google_compute_network.main"
          ]
        }
      ]
    },
    {
      "mode": "managed",
      "type": "google_compute_firewall",
      "name": "allow_internal",
      "provider": "provider[\"registry.terraform.io/hashicorp/google\"]",
      "instances": [
        {
          "schema_version": 1,
          "attributes": {
            "allow": [
              {
                "ports": [
                  "0-65535"
                ],
                "protocol": "tcp"
              },
              {
                "ports": [
                  "0-65535"
                ],
                "protocol": "udp"
              },
              {
                "ports": [],
                "protocol": "icmp"
              }
            ],
            "creation_timestamp": "2025-12-23T01:07:21.780-08:00",
            "deny": [],
            "description": "VPC 내부 통신 허용",
            "destination_ranges": [],
            "direction": "INGRESS",
            "disabled": false,
            "enable_logging": null,
            "id": "projects/api-prod-biocom/global/firewalls/biocom-bo-cluster-prod-allow-internal",
            "log_config": [],
            "name": "biocom-bo-cluster-prod-allow-internal",
            "network": "https://www.googleapis.com/compute/v1/projects/api-prod-biocom/global/networks/biocom-bo-cluster-prod-vpc",
            "priority": 1000,
            "project": "api-prod-biocom",
            "self_link": "https://www.googleapis.com/compute/v1/projects/api-prod-biocom/global/firewalls/biocom-bo-cluster-prod-allow-internal",
            "source_ranges": [
              "10.20.0.0/16"
            ],
            "source_service_accounts": [],
            "source_tags": [],
            "target_service_accounts": [],
            "target_tags": [],
            "timeouts": null
          },
          "sensitive_attributes": [],
          "private": "eyJlMmJmYjczMC1lY2FhLTExZTYtOGY4OC0zNDM2M2JjN2M0YzAiOnsiY3JlYXRlIjoxMjAwMDAwMDAwMDAwLCJkZWxldGUiOjEyMDAwMDAwMDAwMDAsInVwZGF0ZSI6MTIwMDAwMDAwMDAwMH0sInNjaGVtYV92ZXJzaW9uIjoiMSJ9",
          "dependencies": [
            "google_compute_network.main"
          ]
        }
      ]
    },
    {
      "mode": "managed",
      "type": "google_compute_firewall",
      "name": "allow_ssh",
      "provider": "provider[\"registry.terraform.io/hashicorp/google\"]",
      "instances": [
        {
          "schema_version": 1,
          "attributes": {
            "allow": [
              {
                "ports": [
                  "22"
                ],
                "protocol": "tcp"
              }
            ],
            "creation_timestamp": "2025-12-23T01:07:21.772-08:00",
            "deny": [],
            "description": "SSH 접근 허용 (관리용)",
            "destination_ranges": [],
            "direction": "INGRESS",
            "disabled": false,
            "enable_logging": null,
            "id": "projects/api-prod-biocom/global/firewalls/biocom-bo-cluster-prod-allow-ssh",
            "log_config": [],
            "name": "biocom-bo-cluster-prod-allow-ssh",
            "network": "https://www.googleapis.com/compute/v1/projects/api-prod-biocom/global/networks/biocom-bo-cluster-prod-vpc",
            "priority": 1000,
            "project": "api-prod-biocom",
            "self_link": "https://www.googleapis.com/compute/v1/projects/api-prod-biocom/global/firewalls/biocom-bo-cluster-prod-allow-ssh",
            "source_ranges": [
              "0.0.0.0/0"
            ],
            "source_service_accounts": [],
            "source_tags": [],
            "target_service_accounts": [],
            "target_tags": [
              "ssh-allowed"
            ],
            "timeouts": null
          },
          "sensitive_attributes": [],
          "private": "eyJlMmJmYjczMC1lY2FhLTExZTYtOGY4OC0zNDM2M2JjN2M0YzAiOnsiY3JlYXRlIjoxMjAwMDAwMDAwMDAwLCJkZWxldGUiOjEyMDAwMDAwMDAwMDAsInVwZGF0ZSI6MTIwMDAwMDAwMDAwMH0sInNjaGVtYV92ZXJzaW9uIjoiMSJ9",
          "dependencies": [
            "google_compute_network.main"
          ]
        }
      ]
    },
    {
      "mode": "managed",
      "type": "google_compute_global_address",
      "name": "ingress_ip",
      "provider": "provider[\"registry.terraform.io/hashicorp/google\"]",
      "instances": [
        {
          "schema_version": 0,
          "attributes": {
            "address": "34.49.124.240",
            "address_type": "EXTERNAL",
            "creation_timestamp": "2025-12-23T01:06:03.639-08:00",
            "description": "BIOCOM BO-API Ingress 외부 IP",
            "effective_labels": {},
            "id": "projects/api-prod-biocom/global/addresses/biocom-bo-cluster-prod-external-ip",
            "ip_version": "",
            "label_fingerprint": "42WmSpB8rSM=",
            "labels": {},
            "name": "biocom-bo-cluster-prod-external-ip",
            "network": "",
            "prefix_length": 0,
            "project": "api-prod-biocom",
            "purpose": "",
            "self_link": "https://www.googleapis.com/compute/v1/projects/api-prod-biocom/global/addresses/biocom-bo-cluster-prod-external-ip",
            "terraform_labels": {},
            "timeouts": null
          },
          "sensitive_attributes": [],
          "private": "eyJlMmJmYjczMC1lY2FhLTExZTYtOGY4OC0zNDM2M2JjN2M0YzAiOnsiY3JlYXRlIjoxMjAwMDAwMDAwMDAwLCJkZWxldGUiOjEyMDAwMDAwMDAwMDAsInVwZGF0ZSI6MTIwMDAwMDAwMDAwMH0sInNjaGVtYV92ZXJzaW9uIjoiMCJ9"
        }
      ]
    },
    {
      "mode": "managed",
      "type": "google_compute_network",
      "name": "main",
      "provider": "provider[\"registry.terraform.io/hashicorp/google\"]",
      "instances": [
        {
          "schema_version": 0,
          "attributes": {
            "auto_create_subnetworks": false,
            "delete_default_routes_on_create": false,
            "description": "BIOCOM BO-API 메인 VPC - prod 환경",
            "enable_ula_internal_ipv6": false,
            "gateway_ipv4": "",
            "id": "projects/api-prod-biocom/global/networks/biocom-bo-cluster-prod-vpc",
            "internal_ipv6_range": "",
            "mtu": 0,
            "name": "biocom-bo-cluster-prod-vpc",
            "network_firewall_policy_enforcement_order": "AFTER_CLASSIC_FIREWALL",
            "numeric_id": "2347941856532751699",
            "project": "api-prod-biocom",
            "routing_mode": "REGIONAL",
            "self_link": "https://www.googleapis.com/compute/v1/projects/api-prod-biocom/global/networks/biocom-bo-cluster-prod-vpc",
            "timeouts": null
          },
          "sensitive_attributes": [],
          "private": "eyJlMmJmYjczMC1lY2FhLTExZTYtOGY4OC0zNDM2M2JjN2M0YzAiOnsiY3JlYXRlIjoxMjAwMDAwMDAwMDAwLCJkZWxldGUiOjEyMDAwMDAwMDAwMDAsInVwZGF0ZSI6MTIwMDAwMDAwMDAwMH19"
        }
      ]
    },
    {
      "mode": "managed",
      "type": "google_compute_router",
      "name": "main",
      "provider": "provider[\"registry.terraform.io/hashicorp/google\"]",
      "instances": [
        {
          "schema_version": 0,
          "attributes": {
            "bgp": [],
            "creation_timestamp": "2025-12-23T01:07:22.146-08:00",
            "description": "BIOCOM BO-API Cloud Router - NAT Gateway용",
            "encrypted_interconnect_router": false,
            "id": "projects/api-prod-biocom/regions/asia-northeast3/routers/biocom-bo-cluster-prod-router",
            "name": "biocom-bo-cluster-prod-router",
            "network": "https://www.googleapis.com/compute/v1/projects/api-prod-biocom/global/networks/biocom-bo-cluster-prod-vpc",
            "project": "api-prod-biocom",
            "region": "asia-northeast3",
            "self_link": "https://www.googleapis.com/compute/v1/projects/api-prod-biocom/regions/asia-northeast3/routers/biocom-bo-cluster-prod-router",
            "timeouts": null
          },
          "sensitive_attributes": [],
          "private": "eyJlMmJmYjczMC1lY2FhLTExZTYtOGY4OC0zNDM2M2JjN2M0YzAiOnsiY3JlYXRlIjoxMjAwMDAwMDAwMDAwLCJkZWxldGUiOjEyMDAwMDAwMDAwMDAsInVwZGF0ZSI6MTIwMDAwMDAwMDAwMH19",
          "dependencies": [
            "google_compute_network.main"
          ]
        }
      ]
    },
    {
      "mode": "managed",
      "type": "google_compute_router_nat",
      "name": "main",
      "provider": "provider[\"registry.terraform.io/hashicorp/google\"]",
      "instances": [
        {
          "schema_version": 0,
          "attributes": {
            "auto_network_tier": "PREMIUM",
            "drain_nat_ips": [],
            "enable_dynamic_port_allocation": false,
            "enable_endpoint_independent_mapping": false,
            "endpoint_types": [
              "ENDPOINT_TYPE_VM"
            ],
            "icmp_idle_timeout_sec": 30,
            "id": "api-prod-biocom/asia-northeast3/biocom-bo-cluster-prod-router/biocom-bo-cluster-prod-nat",
            "log_config": [
              {
                "enable": true,
                "filter": "ERRORS_ONLY"
              }
            ],
            "max_ports_per_vm": 0,
            "min_ports_per_vm": 0,
            "name": "biocom-bo-cluster-prod-nat",
            "nat_ip_allocate_option": "AUTO_ONLY",
            "nat_ips": [],
            "project": "api-prod-biocom",
            "region": "asia-northeast3",
            "router": "biocom-bo-cluster-prod-router",
            "rules": [],
            "source_subnetwork_ip_ranges_to_nat": "ALL_SUBNETWORKS_ALL_IP_RANGES",
            "subnetwork": [],
            "tcp_established_idle_timeout_sec": 1200,
            "tcp_time_wait_timeout_sec": 120,
            "tcp_transitory_idle_timeout_sec": 30,
            "timeouts": null,
            "udp_idle_timeout_sec": 30
          },
          "sensitive_attributes": [],
          "private": "eyJlMmJmYjczMC1lY2FhLTExZTYtOGY4OC0zNDM2M2JjN2M0YzAiOnsiY3JlYXRlIjoxMjAwMDAwMDAwMDAwLCJkZWxldGUiOjEyMDAwMDAwMDAwMDAsInVwZGF0ZSI6MTIwMDAwMDAwMDAwMH19",
          "dependencies": [
            "google_compute_network.main",
            "google_compute_router.main"
          ]
        }
      ]
    },
    {
      "mode": "managed",
      "type": "google_compute_ssl_policy",
      "name": "main",
      "provider": "provider[\"registry.terraform.io/hashicorp/google\"]",
      "instances": [
        {
          "schema_version": 0,
          "attributes": {
            "creation_timestamp": "2025-12-23T01:07:08.877-08:00",
            "custom_features": [],
            "description": "",
            "enabled_features": [
              "TLS_ECDHE_ECDSA_WITH_AES_128_CBC_SHA",
              "TLS_ECDHE_ECDSA_WITH_AES_128_GCM_SHA256",
              "TLS_ECDHE_ECDSA_WITH_AES_256_CBC_SHA",
              "TLS_ECDHE_ECDSA_WITH_AES_256_GCM_SHA384",
              "TLS_ECDHE_ECDSA_WITH_CHACHA20_POLY1305_SHA256",
              "TLS_ECDHE_RSA_WITH_AES_128_CBC_SHA",
              "TLS_ECDHE_RSA_WITH_AES_128_GCM_SHA256",
              "TLS_ECDHE_RSA_WITH_AES_256_CBC_SHA",
              "TLS_ECDHE_RSA_WITH_AES_256_GCM_SHA384",
              "TLS_ECDHE_RSA_WITH_CHACHA20_POLY1305_SHA256"
            ],
            "fingerprint": "4JopUddr0yY=",
            "id": "projects/api-prod-biocom/global/sslPolicies/biocom-bo-cluster-prod-ssl-policy",
            "min_tls_version": "TLS_1_2",
            "name": "biocom-bo-cluster-prod-ssl-policy",
            "profile": "MODERN",
            "project": "api-prod-biocom",
            "self_link": "https://www.googleapis.com/compute/v1/projects/api-prod-biocom/global/sslPolicies/biocom-bo-cluster-prod-ssl-policy",
            "timeouts": null
          },
          "sensitive_attributes": [],
          "private": "eyJlMmJmYjczMC1lY2FhLTExZTYtOGY4OC0zNDM2M2JjN2M0YzAiOnsiY3JlYXRlIjoxMjAwMDAwMDAwMDAwLCJkZWxldGUiOjEyMDAwMDAwMDAwMDAsInVwZGF0ZSI6MTIwMDAwMDAwMDAwMH19"
        }
      ]
    },
    {
      "mode": "managed",
      "type": "google_compute_subnetwork",
      "name": "main",
      "provider": "provider[\"registry.terraform.io/hashicorp/google\"]",
      "instances": [
        {
          "schema_version": 0,
          "attributes": {
            "creation_timestamp": "2025-12-23T01:07:22.740-08:00",
            "description": "BIOCOM BO-API 메인 서브넷 - prod 환경",
            "external_ipv6_prefix": "",
            "fingerprint": null,
            "gateway_address": "10.20.1.1",
            "id": "projects/api-prod-biocom/regions/asia-northeast3/subnetworks/biocom-bo-cluster-prod-subnet",
            "internal_ipv6_prefix": "",
            "ip_cidr_range": "10.20.1.0/24",
            "ipv6_access_type": "",
            "ipv6_cidr_range": "",
            "log_config": [],
            "name": "biocom-bo-cluster-prod-subnet",
            "network": "https://www.googleapis.com/compute/v1/projects/api-prod-biocom/global/networks/biocom-bo-cluster-prod-vpc",
            "private_ip_google_access": true,
            "private_ipv6_google_access": "DISABLE_GOOGLE_ACCESS",
            "project": "api-prod-biocom",
            "purpose": "PRIVATE",
            "region": "asia-northeast3",
            "role": "",
            "secondary_ip_range": [
              {
                "ip_cidr_range": "10.21.0.0/16",
                "range_name": "pods"
              },
              {
                "ip_cidr_range": "10.22.0.0/16",
                "range_name": "services"
              },
              {
                "ip_cidr_range": "10.68.0.0/14",
                "range_name": "gke-biocom-bo-cluster-prod-pods-de3f76b9"
              }
            ],
            "self_link": "https://www.googleapis.com/compute/v1/projects/api-prod-biocom/regions/asia-northeast3/subnetworks/biocom-bo-cluster-prod-subnet",
            "send_secondary_ip_range_if_empty": null,
            "stack_type": "IPV4_ONLY",
            "timeouts": null
          },
          "sensitive_attributes": [],
          "private": "eyJlMmJmYjczMC1lY2FhLTExZTYtOGY4OC0zNDM2M2JjN2M0YzAiOnsiY3JlYXRlIjoxMjAwMDAwMDAwMDAwLCJkZWxldGUiOjEyMDAwMDAwMDAwMDAsInVwZGF0ZSI6MTIwMDAwMDAwMDAwMH19",
          "dependencies": [
            "google_compute_network.main"
          ]
        }
      ]
    },
    {
      "mode": "managed",
      "type": "google_container_cluster",
      "name": "main",
      "provider": "provider[\"registry.terraform.io/hashicorp/google\"]",
      "instances": [
        {
          "schema_version": 2,
          "attributes": {
            "addons_config": [
              {
                "cloudrun_config": [],
                "config_connector_config": [],
                "dns_cache_config": [],
                "gce_persistent_disk_csi_driver_config": [
                  {
                    "enabled": true
                  }
                ],
                "gcp_filestore_csi_driver_config": [],
                "gcs_fuse_csi_driver_config": [],
                "gke_backup_agent_config": [],
                "horizontal_pod_autoscaling": [],
                "http_load_balancing": [
                  {
                    "disabled": false
                  }
                ],
                "network_policy_config": [
                  {
                    "disabled": true
                  }
                ],
                "ray_operator_config": [],
                "stateful_ha_config": []
              }
            ],
            "allow_net_admin": null,
            "authenticator_groups_config": [],
            "binary_authorization": [
              {
                "enabled": false,
                "evaluation_mode": ""
              }
            ],
            "cluster_autoscaling": [
              {
                "auto_provisioning_defaults": [],
                "auto_provisioning_locations": [],
                "autoscaling_profile": "BALANCED",
                "enabled": false,
                "resource_limits": []
              }
            ],
            "cluster_ipv4_cidr": "10.68.0.0/14",
            "confidential_nodes": [],
            "cost_management_config": [],
            "database_encryption": [
              {
                "key_name": "",
                "state": "DECRYPTED"
              }
            ],
            "datapath_provider": "",
            "default_max_pods_per_node": 110,
            "default_snat_status": [
              {
                "disabled": false
              }
            ],
            "deletion_protection": false,
            "description": "",
            "dns_config": [],
            "enable_autopilot": false,
            "enable_cilium_clusterwide_network_policy": false,
            "enable_intranode_visibility": false,
            "enable_k8s_beta_apis": [],
            "enable_kubernetes_alpha": false,
            "enable_l4_ilb_subsetting": false,
            "enable_legacy_abac": false,
            "enable_multi_networking": false,
            "enable_shielded_nodes": true,
            "enable_tpu": false,
            "endpoint": "34.47.98.115",
            "fleet": [],
            "gateway_api_config": [],
            "id": "projects/api-prod-biocom/locations/asia-northeast3-a/clusters/biocom-bo-cluster-prod",
            "identity_service_config": [],
            "initial_node_count": 2,
            "ip_allocation_policy": [
              {
                "additional_pod_ranges_config": [],
                "cluster_ipv4_cidr_block": "10.68.0.0/14",
                "cluster_secondary_range_name": "gke-biocom-bo-cluster-prod-pods-de3f76b9",
                "pod_cidr_overprovision_config": [
                  {
                    "disabled": false
                  }
                ],
                "services_ipv4_cidr_block": "34.118.224.0/20",
                "services_secondary_range_name": "",
                "stack_type": "IPV4"
              }
            ],
            "label_fingerprint": "a9dc16a7",
            "location": "asia-northeast3-a",
            "logging_config": [
              {
                "enable_components": [
                  "SYSTEM_COMPONENTS",
                  "WORKLOADS"
                ]
              }
            ],
            "logging_service": "logging.googleapis.com/kubernetes",
            "maintenance_policy": [],
            "master_auth": [
              {
                "client_certificate": "",
                "client_certificate_config": [
                  {
                    "issue_client_certificate": false
                  }
                ],
                "client_key": "",
                "cluster_ca_certificate": "LS0tLS1CRUdJTiBDRVJUSUZJQ0FURS0tLS0tCk1JSUVMVENDQXBXZ0F3SUJBZ0lSQUl5YmgxVnlFM0dzbUR2QzI1TXVrelF3RFFZSktvWklodmNOQVFFTEJRQXcKTHpFdE1Dc0dBMVVFQXhNa056TXpNR1U1TVRjdE1HRXdNaTAwWmpJMExUaGpObVl0TTJSa01HUmlOalprTjJFNQpNQ0FYRFRJMU1USXlNekE0TURjMU5Wb1lEekl3TlRVeE1qRTJNRGt3TnpVMVdqQXZNUzB3S3dZRFZRUURFeVEzCk16TXdaVGt4Tnkwd1lUQXlMVFJtTWpRdE9HTTJaaTB6WkdRd1pHSTJObVEzWVRrd2dnR2lNQTBHQ1NxR1NJYjMKRFFFQkFRVUFBNElCandBd2dnR0tBb0lCZ1FDWWhHaHZRUTBicnpKcnNQZkt0R0M5bmhnM3pxb1ppdkFZRlRoWApjTXZhcyt6eFFuTHROaEkvdDJWVHJURE9QcTUzYzZsaWRoSENzQUdrbTl3K1Fxc0docVdtbzJBMnNieEZoQzdqCm1SWW9rUTZkZ2JDNXc1cUpLd2l1VjZaRC9UZjZqOVM0NXNXVlltc3NhWG1ocGNRK0I1MjNROEYzODlzR1k3QnEKWC9VZi9OMGRoekVPS0dUTmR1Q29vRUFvTUkyWUZZVXBaT1BYaTZtUjBrVkU1MjB3RVhVcDc3ODJnL2s2SFhsaQpXREs4ZlBzUlE5cmlSWGowK3hEcDBhNEdMZ3hxLy9vSEhQd2FLOUxRMlRIM2hkMlNRU1dReCthK0c5aThDL3QxCno5dHFDR2ErdHczSnVSNk9RYzNObmkrV2xXclRlNUpZaVpZVnUreGw5K2gzcU95WUJCazJwUXhjN3R1azZBZmQKY0pZbUhOYjBQVmRRZ1JsWmtsbXFPY1Q5bTdzcFlYUjROaUpvRVZRTTYweGxnZU1HY0ErUHZpK1JHaE9OR0J2VApiUENQaHJIVkVTNlhYbXFCUWNYd0w2dFA4ZnVuOGhuQmZHOHJLTU93d2tINm9NVVo3Q2loM1V0KzU1QjU1MTlECmlOcFFwMGVacEQzVzVCR2txSVVWVzJ4M3dlY0NBd0VBQWFOQ01FQXdEZ1lEVlIwUEFRSC9CQVFEQWdJRU1BOEcKQTFVZEV3RUIvd1FGTUFNQkFmOHdIUVlEVlIwT0JCWUVGQXlFSEJYUXErdHVPSzBZM3liRHhqRXhDcVV6TUEwRwpDU3FHU0liM0RRRUJDd1VBQTRJQmdRQkdIQ25XVUp1RndZYTZsMi9pVHVrNG9oZ2txRy9nRU1XUDZqMENVcFZOCmVYa0x2ZHVzUGdGS1pyZzJRVmFOM1ZLZlE3bFVkaGk5NnhHTDBtZThRSmhTSThuMzh5ZlJnZ0tMdkM2Y3BjQ0MKY055OTcyRE05V255eGNwQmVUTXZUVTVHeGlyMEd6QisxU0ZtQ0RnQTd3c1Y4SXZRcjRkK1lxSlhVNHU3YStvVQpGQUtSOEZrNk53RGZRcEVqaEZRYm1ROVZpZ2hzc28wbEcvdEhNdW10aHhvVTFHVXBpbmcvK2U3WCtJN0NtbWJVCkl6N2UwTE45WXlHaWhCenRSMFVLcGtHem50ZUZpUTl5WHE1MW5tUXJBQ2hIN2JqVEE1ZVR4WDFSaWUrMlp5YmMKVDMvQmRDY2p6dW5oT0Q0UnRrTUpqU05vYk1kZzRZTGxpcTBYUW9KL0tTMDlOT3lEOElFb2dleFVPd2pRMDdaeApUdW5JN0FZdnk0Y0NUa2IxZjR0NzNqZXhyMlJLNjlRcFFoR20xeGtsaCt3VGpNUU5oZUZ2WDhiL3cxa1Jib1ZqClZpMUxCTFBlOS9iQkxIOFpRaFY4ZUxmZjZOTmpnNWR6ZUJzaEJiWkh1ek9EaUwxb2h3NGJTWEdrbkNpR1FEVUwKMS8rY0k2N1V1NVJKU0NMU05pRUUzbk09Ci0tLS0tRU5EIENFUlRJRklDQVRFLS0tLS0K"
              }
            ],
            "master_authorized_networks_config": [],
            "master_version": "1.33.5-gke.1308000",
            "mesh_certificates": [],
            "min_master_version": null,
            "monitoring_config": [
              {
                "advanced_datapath_observability_config": [
                  {
                    "enable_metrics": false,
                    "enable_relay": false,
                    "relay_mode": "DISABLED"
                  }
                ],
                "enable_components": [
                  "SYSTEM_COMPONENTS",
                  "HPA",
                  "POD",
                  "DAEMONSET",
                  "DEPLOYMENT",
                  "STATEFULSET",
                  "JOBSET",
                  "STORAGE",
                  "CADVISOR",
                  "KUBELET",
                  "DCGM"
                ],
                "managed_prometheus": [
                  {
                    "enabled": true
                  }
                ]
              }
            ],
            "monitoring_service": "monitoring.googleapis.com/kubernetes",
            "name": "biocom-bo-cluster-prod",
            "network": "projects/api-prod-biocom/global/networks/biocom-bo-cluster-prod-vpc",
            "network_policy": [
              {
                "enabled": false,
                "provider": "PROVIDER_UNSPECIFIED"
              }
            ],
            "networking_mode": "VPC_NATIVE",
            "node_config": [
              {
                "advanced_machine_features": [],
                "boot_disk_kms_key": "",
                "confidential_nodes": [],
                "containerd_config": [],
                "disk_size_gb": 40,
                "disk_type": "pd-ssd",
                "effective_taints": [],
                "enable_confidential_storage": false,
                "ephemeral_storage_local_ssd_config": [],
                "fast_socket": [],
                "gcfs_config": [],
                "guest_accelerator": [],
                "gvnic": [],
                "host_maintenance_policy": [],
                "image_type": "COS_CONTAINERD",
                "kubelet_config": [
                  {
                    "cpu_cfs_quota": false,
                    "cpu_cfs_quota_period": "",
                    "cpu_manager_policy": "",
                    "insecure_kubelet_readonly_port_enabled": "FALSE",
                    "pod_pids_limit": 0
                  }
                ],
                "labels": {
                  "environment": "prod",
                  "role": "bo-apps"
                },
                "linux_node_config": [],
                "local_nvme_ssd_block_config": [],
                "local_ssd_count": 0,
                "logging_variant": "DEFAULT",
                "machine_type": "e2-medium",
                "metadata": {
                  "disable-legacy-endpoints": "true"
                },
                "min_cpu_platform": "",
                "node_group": "",
                "oauth_scopes": [
                  "https://www.googleapis.com/auth/cloud-platform"
                ],
                "preemptible": false,
                "reservation_affinity": [],
                "resource_labels": {
                  "goog-gke-node-pool-provisioning-model": "on-demand"
                },
                "resource_manager_tags": {},
                "secondary_boot_disks": [],
                "service_account": "default",
                "shielded_instance_config": [
                  {
                    "enable_integrity_monitoring": true,
                    "enable_secure_boot": false
                  }
                ],
                "sole_tenant_config": [],
                "spot": false,
                "tags": [
                  "gke-node",
                  "biocom-bo-cluster-prod-node",
                  "http-server",
                  "https-server"
                ],
                "taint": [],
                "workload_metadata_config": []
              }
            ],
            "node_locations": [],
            "node_pool": [
              {
                "autoscaling": [],
                "initial_node_count": 2,
                "instance_group_urls": [
                  "https://www.googleapis.com/compute/v1/projects/api-prod-biocom/zones/asia-northeast3-a/instanceGroupManagers/gke-biocom-bo-cluster-pr-default-pool-25e8f489-grp"
                ],
                "managed_instance_group_urls": [
                  "https://www.googleapis.com/compute/v1/projects/api-prod-biocom/zones/asia-northeast3-a/instanceGroups/gke-biocom-bo-cluster-pr-default-pool-25e8f489-grp"
                ],
                "management": [
                  {
                    "auto_repair": true,
                    "auto_upgrade": true
                  }
                ],
                "max_pods_per_node": 110,
                "name": "default-pool",
                "name_prefix": "",
                "network_config": [
                  {
                    "additional_node_network_configs": [],
                    "additional_pod_network_configs": [],
                    "create_pod_range": false,
                    "enable_private_nodes": false,
                    "network_performance_config": [],
                    "pod_cidr_overprovision_config": [],
                    "pod_ipv4_cidr_block": "10.68.0.0/14",
                    "pod_range": "gke-biocom-bo-cluster-prod-pods-de3f76b9"
                  }
                ],
                "node_config": [
                  {
                    "advanced_machine_features": [],
                    "boot_disk_kms_key": "",
                    "confidential_nodes": [],
                    "containerd_config": [],
                    "disk_size_gb": 40,
                    "disk_type": "pd-ssd",
                    "effective_taints": [],
                    "enable_confidential_storage": false,
                    "ephemeral_storage_local_ssd_config": [],
                    "fast_socket": [],
                    "gcfs_config": [],
                    "guest_accelerator": [],
                    "gvnic": [],
                    "host_maintenance_policy": [],
                    "image_type": "COS_CONTAINERD",
                    "kubelet_config": [
                      {
                        "cpu_cfs_quota": false,
                        "cpu_cfs_quota_period": "",
                        "cpu_manager_policy": "",
                        "insecure_kubelet_readonly_port_enabled": "FALSE",
                        "pod_pids_limit": 0
                      }
                    ],
                    "labels": {
                      "environment": "prod",
                      "role": "bo-apps"
                    },
                    "linux_node_config": [],
                    "local_nvme_ssd_block_config": [],
                    "local_ssd_count": 0,
                    "logging_variant": "DEFAULT",
                    "machine_type": "e2-medium",
                    "metadata": {
                      "disable-legacy-endpoints": "true"
                    },
                    "min_cpu_platform": "",
                    "node_group": "",
                    "oauth_scopes": [
                      "https://www.googleapis.com/auth/cloud-platform"
                    ],
                    "preemptible": false,
                    "reservation_affinity": [],
                    "resource_labels": {
                      "goog-gke-node-pool-provisioning-model": "on-demand"
                    },
                    "resource_manager_tags": {},
                    "secondary_boot_disks": [],
                    "service_account": "default",
                    "shielded_instance_config": [
                      {
                        "enable_integrity_monitoring": true,
                        "enable_secure_boot": false
                      }
                    ],
                    "sole_tenant_config": [],
                    "spot": false,
                    "tags": [
                      "gke-node",
                      "biocom-bo-cluster-prod-node",
                      "http-server",
                      "https-server"
                    ],
                    "taint": [],
                    "workload_metadata_config": []
                  }
                ],
                "node_count": 2,
                "node_locations": [
                  "asia-northeast3-a"
                ],
                "placement_policy": [],
                "queued_provisioning": [],
                "upgrade_settings": [
                  {
                    "blue_green_settings": [],
                    "max_surge": 1,
                    "max_unavailable": 0,
                    "strategy": "SURGE"
                  }
                ],
                "version": "1.33.5-gke.1308000"
              }
            ],
            "node_pool_auto_config": [
              {
                "network_tags": [],
                "node_kubelet_config": [
                  {
                    "insecure_kubelet_readonly_port_enabled": "FALSE"
                  }
                ],
                "resource_manager_tags": {}
              }
            ],
            "node_pool_defaults": [
              {
                "node_config_defaults": [
                  {
                    "containerd_config": [],
                    "insecure_kubelet_readonly_port_enabled": "FALSE",
                    "logging_variant": "DEFAULT"
                  }
                ]
              }
            ],
            "node_version": "1.33.5-gke.1308000",
            "notification_config": [
              {
                "pubsub": [
                  {
                    "enabled": false,
                    "filter": [],
                    "topic": ""
                  }
                ]
              }
            ],
            "operation": null,
            "private_cluster_config": [
              {
                "enable_private_endpoint": false,
                "enable_private_nodes": false,
                "master_global_access_config": [
                  {
                    "enabled": false
                  }
                ],
                "master_ipv4_cidr_block": "",
                "peering_name": "",
                "private_endpoint": "10.20.1.2",
                "private_endpoint_subnetwork": "",
                "public_endpoint": "34.47.98.115"
              }
            ],
            "private_ipv6_google_access": "",
            "project": "api-prod-biocom",
            "release_channel": [
              {
                "channel": "REGULAR"
              }
            ],
            "remove_default_node_pool": null,
            "resource_labels": {},
            "resource_usage_export_config": [],
            "security_posture_config": [
              {
                "mode": "BASIC",
                "vulnerability_mode": "VULNERABILITY_MODE_UNSPECIFIED"
              }
            ],
            "self_link": "https://container.googleapis.com/v1/projects/api-prod-biocom/zones/asia-northeast3-a/clusters/biocom-bo-cluster-prod",
            "service_external_ips_config": [
              {
                "enabled": false
              }
            ],
            "services_ipv4_cidr": "34.118.224.0/20",
            "subnetwork": "projects/api-prod-biocom/regions/asia-northeast3/subnetworks/biocom-bo-cluster-prod-subnet",
            "timeouts": null,
            "tpu_ipv4_cidr_block": "",
            "vertical_pod_autoscaling": [],
            "workload_identity_config": []
          },
          "sensitive_attributes": [],
          "private": "eyJlMmJmYjczMC1lY2FhLTExZTYtOGY4OC0zNDM2M2JjN2M0YzAiOnsiY3JlYXRlIjoyNDAwMDAwMDAwMDAwLCJkZWxldGUiOjI0MDAwMDAwMDAwMDAsInJlYWQiOjI0MDAwMDAwMDAwMDAsInVwZGF0ZSI6MzYwMDAwMDAwMDAwMH0sInNjaGVtYV92ZXJzaW9uIjoiMiJ9",
          "dependencies": [
            "google_compute_network.main",
            "google_compute_subnetwork.main"
          ]
        }
      ]
    },
    {
      "mode": "managed",
      "type": "google_storage_bucket",
      "name": "terraform_state",
      "provider": "provider[\"registry.terraform.io/hashicorp/google\"]",
      "instances": [
        {
          "schema_version": 2,
          "attributes": {
            "autoclass": [],
            "cors": [],
            "custom_placement_config": [],
            "default_event_based_hold": false,
            "effective_labels": {},
            "enable_object_retention": false,
            "encryption": [],
            "force_destroy": false,
            "id": "api-prod-biocom-terraform-state-bucket",
            "labels": {},
            "lifecycle_rule": [
              {
                "action": [
                  {
                    "storage_class": "",
                    "type": "Delete"
                  }
                ],
                "condition": [
                  {
                    "age": 30,
                    "created_before": "",
                    "custom_time_before": "",
                    "days_since_custom_time": 0,
                    "days_since_noncurrent_time": 0,
                    "matches_prefix": [],
                    "matches_storage_class": [],
                    "matches_suffix": [],
                    "no_age": false,
                    "noncurrent_time_before": "",
                    "num_newer_versions": 0,
                    "send_age_if_zero": true,
                    "send_days_since_custom_time_if_zero": false,
                    "send_days_since_noncurrent_time_if_zero": false,
                    "send_num_newer_versions_if_zero": false,
                    "with_state": "ANY"
                  }
                ]
              }
            ],
            "location": "ASIA-NORTHEAST3",
            "logging": [],
            "name": "api-prod-biocom-terraform-state-bucket",
            "project": "api-prod-biocom",
            "project_number": 690054872256,
            "public_access_prevention": "enforced",
            "requester_pays": false,
            "retention_policy": [],
            "rpo": null,
            "self_link": "https://www.googleapis.com/storage/v1/b/api-prod-biocom-terraform-state-bucket",
            "soft_delete_policy": [
              {
                "effective_time": "2025-12-23T09:05:52.954Z",
                "retention_duration_seconds": 604800
              }
            ],
            "storage_class": "STANDARD",
            "terraform_labels": {},
            "timeouts": null,
            "uniform_bucket_level_access": true,
            "url": "gs://api-prod-biocom-terraform-state-bucket",
            "versioning": [
              {
                "enabled": true
              }
            ],
            "website": []
          },
          "sensitive_attributes": [],
          "private": "eyJlMmJmYjczMC1lY2FhLTExZTYtOGY4OC0zNDM2M2JjN2M0YzAiOnsiY3JlYXRlIjo2MDAwMDAwMDAwMDAsInJlYWQiOjI0MDAwMDAwMDAwMCwidXBkYXRlIjoyNDAwMDAwMDAwMDB9LCJzY2hlbWFfdmVyc2lvbiI6IjIifQ=="
        }
      ]
    }
  ],
  "check_results": null
}
